
Microsoft Visual Studio Solution File, Format Version 12.00
# Visual Studio 15
VisualStudioVersion = 15.0.28307.779
MinimumVisualStudioVersion = 10.0.40219.1
Project("{8BC9CEB8-8B4A-11D0-8D11-00A0C91BC942}") = "Pg 144 p2 Statium Seating", "Pg 144 p2 Statium Seating\Pg 144 p2 Statium Seating.vcxproj", "{496DCDA9-E167-4E73-AFEA-F876A43D944E}"
EndProject
Global
	GlobalSection(SolutionConfigurationPlatforms) = preSolution
		Debug|x64 = Debug|x64
		Debug|x86 = Debug|x86
		Release|x64 = Release|x64
		Release|x86 = Release|x86
	EndGlobalSection
	GlobalSection(ProjectConfigurationPlatforms) = postSolution
		{496DCDA9-E167-4E73-AFEA-F876A43D944E}.Debug|x64.ActiveCfg = Debug|x64
		{496DCDA9-E167-4E73-AFEA-F876A43D944E}.Debug|x64.Build.0 = Debug|x64
		{496DCDA9-E167-4E73-AFEA-F876A43D944E}.Debug|x86.ActiveCfg = Debug|Win32
		{496DCDA9-E167-4E73-AFEA-F876A43D944E}.Debug|x86.Build.0 = Debug|Win32
		{496DCDA9-E167-4E73-AFEA-F876A43D944E}.Release|x64.ActiveCfg = Release|x64
		{496DCDA9-E167-4E73-AFEA-F876A43D944E}.Release|x64.Build.0 = Release|x64
		{496DCDA9-E167-4E73-AFEA-F876A43D944E}.Release|x86.ActiveCfg = Release|Win32
		{496DCDA9-E167-4E73-AFEA-F876A43D944E}.Release|x86.Build.0 = Release|Win32
	EndGlobalSection
	GlobalSection(SolutionProperties) = preSolution
		HideSolutionNode = FALSE
	EndGlobalSection
	GlobalSection(ExtensibilityGlobals) = postSolution
		SolutionGuid = {FE7807B5-DA0B-4C03-AD25-442F76338F6A}
	EndGlobalSection
EndGlobal
